<?xml version="1.0" encoding="utf-8"?>
<Project ToolsVersion="4.0" xmlns="http://schemas.microsoft.com/developer/msbuild/2003">
  <ItemGroup>
    <Filter Include="Исходные файлы">
      <UniqueIdentifier>{4FC737F1-C7A5-4376-A066-2A32D752A2FF}</UniqueIdentifier>
      <Extensions>cpp;c;cc;cxx;c++;cppm;ixx;def;odl;idl;hpj;bat;asm;asmx</Extensions>
    </Filter>
    <Filter Include="Файлы заголовков">
      <UniqueIdentifier>{93995380-89BD-4b04-88EB-625FBE52EBFB}</UniqueIdentifier>
      <Extensions>h;hh;hpp;hxx;h++;hm;inl;inc;ipp;xsd</Extensions>
    </Filter>
    <Filter Include="Файлы ресурсов">
      <UniqueIdentifier>{67DA6AB6-F800-4c08-8B7A-83BB121AAD01}</UniqueIdentifier>
      <Extensions>rc;ico;cur;bmp;dlg;rc2;rct;bin;rgs;gif;jpg;jpeg;jpe;resx;tiff;tif;png;wav;mfcribbon-ms</Extensions>
    </Filter>
    <Filter Include="Исходные файлы\FiniteStateMachine">
      <UniqueIdentifier>{7166ef7c-eaea-4e4f-a732-f6054ce0753f}</UniqueIdentifier>
    </Filter>
    <Filter Include="Файлы заголовков\FiniteStateMachine">
      <UniqueIdentifier>{122190b7-d569-41cc-bba6-8619961708bf}</UniqueIdentifier>
    </Filter>
    <Filter Include="Исходные файлы\Regex">
      <UniqueIdentifier>{9d0520a5-21e3-4af3-83b3-a4f7b5653d51}</UniqueIdentifier>
    </Filter>
    <Filter Include="Файлы заголовков\Regex">
      <UniqueIdentifier>{98fa6a8a-1d23-4492-b6be-3513b05fdd4b}</UniqueIdentifier>
    </Filter>
    <Filter Include="Исходные файлы\Regex\RegularExpression">
      <UniqueIdentifier>{0b0b6eef-ee79-4cba-a156-08c9901cf921}</UniqueIdentifier>
    </Filter>
    <Filter Include="Файлы заголовков\Regex\RegularExpression">
      <UniqueIdentifier>{32637693-9000-4f42-bcbb-e3adc599b66a}</UniqueIdentifier>
    </Filter>
  </ItemGroup>
  <ItemGroup>
    <ClCompile Include="FiniteStateMachine.cpp">
      <Filter>Исходные файлы\FiniteStateMachine</Filter>
    </ClCompile>
    <ClCompile Include="Arc.cpp">
      <Filter>Исходные файлы\FiniteStateMachine</Filter>
    </ClCompile>
    <ClCompile Include="State.cpp">
      <Filter>Исходные файлы\FiniteStateMachine</Filter>
    </ClCompile>
    <ClCompile Include="Regex.cpp">
      <Filter>Исходные файлы\Regex</Filter>
    </ClCompile>
    <ClCompile Include="main.cpp">
      <Filter>Исходные файлы</Filter>
    </ClCompile>
    <ClCompile Include="RegexParser.cpp">
      <Filter>Исходные файлы\Regex</Filter>
    </ClCompile>
    <ClCompile Include="Literal.cpp">
      <Filter>Исходные файлы\Regex\RegularExpression</Filter>
    </ClCompile>
    <ClCompile Include="Or.cpp">
      <Filter>Исходные файлы\Regex\RegularExpression</Filter>
    </ClCompile>
    <ClCompile Include="RegularExpression.cpp">
      <Filter>Исходные файлы\Regex\RegularExpression</Filter>
    </ClCompile>
    <ClCompile Include="Repeat.cpp">
      <Filter>Исходные файлы\Regex\RegularExpression</Filter>
    </ClCompile>
    <ClCompile Include="Concat.cpp">
      <Filter>Исходные файлы\Regex\RegularExpression</Filter>
    </ClCompile>
  </ItemGroup>
  <ItemGroup>
    <ClInclude Include="Arc.h">
      <Filter>Файлы заголовков\FiniteStateMachine</Filter>
    </ClInclude>
    <ClInclude Include="State.h">
      <Filter>Файлы заголовков\FiniteStateMachine</Filter>
    </ClInclude>
    <ClInclude Include="FiniteStateMachine.h">
      <Filter>Файлы заголовков\FiniteStateMachine</Filter>
    </ClInclude>
    <ClInclude Include="Regex.h">
      <Filter>Файлы заголовков\Regex</Filter>
    </ClInclude>
    <ClInclude Include="RegexParser.h">
      <Filter>Файлы заголовков\Regex</Filter>
    </ClInclude>
    <ClInclude Include="Literal.h">
      <Filter>Файлы заголовков\Regex\RegularExpression</Filter>
    </ClInclude>
    <ClInclude Include="Or.h">
      <Filter>Файлы заголовков\Regex\RegularExpression</Filter>
    </ClInclude>
    <ClInclude Include="RegularExpression.h">
      <Filter>Файлы заголовков\Regex\RegularExpression</Filter>
    </ClInclude>
    <ClInclude Include="Repeat.h">
      <Filter>Файлы заголовков\Regex\RegularExpression</Filter>
    </ClInclude>
    <ClInclude Include="Concat.h">
      <Filter>Файлы заголовков\Regex\RegularExpression</Filter>
    </ClInclude>
    <ClInclude Include="enums.h">
      <Filter>Файлы заголовков</Filter>
    </ClInclude>
  </ItemGroup>
</Project>